{
  "version": 4,
  "terraform_version": "1.7.5",
  "serial": 1033,
  "lineage": "eeb4df8c-9a6a-7339-f396-20f171668781",
  "outputs": {},
  "resources": [
    {
      "mode": "data",
      "type": "aws_caller_identity",
      "name": "current",
      "provider": "provider[\"registry.terraform.io/hashicorp/aws\"]",
      "instances": [
        {
          "schema_version": 0,
          "attributes": {
            "account_id": "851725272326",
            "arn": "arn:aws:iam::851725272326:user/terraform",
            "id": "851725272326",
            "user_id": "AIDA4MTWIIUDPQMH3MOTF"
          },
          "sensitive_attributes": []
        }
      ]
    },
    {
      "mode": "managed",
      "type": "aws_api_gateway_api_key",
      "name": "warehouse_api_key",
      "provider": "provider[\"registry.terraform.io/hashicorp/aws\"]",
      "instances": [
        {
          "schema_version": 0,
          "attributes": {
            "arn": "arn:aws:apigateway:us-east-1::/apikeys/fg1hqon67a",
            "created_date": "2024-10-17T23:48:49Z",
            "customer_id": "",
            "description": "Managed by Terraform",
            "enabled": true,
            "id": "fg1hqon67a",
            "last_updated_date": "2024-10-17T23:48:49Z",
            "name": "WarehouseRobotAPIKey",
            "tags": null,
            "tags_all": {},
            "value": "JB3RbPFui21NAWEeQZmcB3uvXgB2zWz38KQuiSHm"
          },
          "sensitive_attributes": [],
          "private": "bnVsbA=="
        }
      ]
    },
    {
      "mode": "managed",
      "type": "aws_api_gateway_deployment",
      "name": "warehouse_api_deployment",
      "provider": "provider[\"registry.terraform.io/hashicorp/aws\"]",
      "instances": [
        {
          "schema_version": 0,
          "attributes": {
            "canary_settings": [],
            "created_date": "2024-10-17T23:49:02Z",
            "description": "",
            "execution_arn": "arn:aws:execute-api:us-east-1:851725272326:omofcchyxj/prod",
            "id": "mrdfrb",
            "invoke_url": "https://omofcchyxj.execute-api.us-east-1.amazonaws.com/prod",
            "rest_api_id": "omofcchyxj",
            "stage_description": null,
            "stage_name": "prod",
            "triggers": null,
            "variables": null
          },
          "sensitive_attributes": [],
          "private": "bnVsbA==",
          "dependencies": [
            "aws_api_gateway_integration.delete_integration",
            "aws_api_gateway_integration.get_by_id_integration",
            "aws_api_gateway_integration.get_integration",
            "aws_api_gateway_integration.post_integration",
            "aws_api_gateway_method.delete_method",
            "aws_api_gateway_method.get_by_id_method",
            "aws_api_gateway_method.get_method",
            "aws_api_gateway_method.post_method",
            "aws_api_gateway_resource.log_id_resource",
            "aws_api_gateway_resource.warehouse_resource",
            "aws_api_gateway_rest_api.warehouse_api",
            "aws_dynamodb_table.warehouse_robot_logs",
            "aws_iam_role.lambda_exec_role",
            "aws_lambda_function.get_all_data"
          ]
        }
      ]
    },
    {
      "mode": "managed",
      "type": "aws_api_gateway_integration",
      "name": "delete_integration",
      "provider": "provider[\"registry.terraform.io/hashicorp/aws\"]",
      "instances": [
        {
          "schema_version": 0,
          "attributes": {
            "cache_key_parameters": null,
            "cache_namespace": "s2oi05",
            "connection_id": "",
            "connection_type": "INTERNET",
            "content_handling": "",
            "credentials": "",
            "http_method": "DELETE",
            "id": "agi-omofcchyxj-s2oi05-DELETE",
            "integration_http_method": "POST",
            "passthrough_behavior": "WHEN_NO_MATCH",
            "request_parameters": null,
            "request_templates": null,
            "resource_id": "s2oi05",
            "rest_api_id": "omofcchyxj",
            "timeout_milliseconds": 29000,
            "tls_config": [],
            "type": "AWS_PROXY",
            "uri": "arn:aws:apigateway:us-east-1:lambda:path/2015-03-31/functions/arn:aws:lambda:us-east-1:851725272326:function:GetAllWarehouseData/invocations"
          },
          "sensitive_attributes": [],
          "private": "bnVsbA==",
          "dependencies": [
            "aws_api_gateway_method.delete_method",
            "aws_api_gateway_resource.log_id_resource",
            "aws_api_gateway_resource.warehouse_resource",
            "aws_api_gateway_rest_api.warehouse_api",
            "aws_dynamodb_table.warehouse_robot_logs",
            "aws_iam_role.lambda_exec_role",
            "aws_lambda_function.get_all_data"
          ]
        }
      ]
    },
    {
      "mode": "managed",
      "type": "aws_api_gateway_integration",
      "name": "get_by_id_integration",
      "provider": "provider[\"registry.terraform.io/hashicorp/aws\"]",
      "instances": [
        {
          "schema_version": 0,
          "attributes": {
            "cache_key_parameters": null,
            "cache_namespace": "s2oi05",
            "connection_id": "",
            "connection_type": "INTERNET",
            "content_handling": "",
            "credentials": "",
            "http_method": "GET",
            "id": "agi-omofcchyxj-s2oi05-GET",
            "integration_http_method": "POST",
            "passthrough_behavior": "WHEN_NO_MATCH",
            "request_parameters": null,
            "request_templates": null,
            "resource_id": "s2oi05",
            "rest_api_id": "omofcchyxj",
            "timeout_milliseconds": 29000,
            "tls_config": [],
            "type": "AWS_PROXY",
            "uri": "arn:aws:apigateway:us-east-1:lambda:path/2015-03-31/functions/arn:aws:lambda:us-east-1:851725272326:function:GetAllWarehouseData/invocations"
          },
          "sensitive_attributes": [],
          "private": "bnVsbA==",
          "dependencies": [
            "aws_api_gateway_method.get_by_id_method",
            "aws_api_gateway_resource.log_id_resource",
            "aws_api_gateway_resource.warehouse_resource",
            "aws_api_gateway_rest_api.warehouse_api",
            "aws_dynamodb_table.warehouse_robot_logs",
            "aws_iam_role.lambda_exec_role",
            "aws_lambda_function.get_all_data"
          ]
        }
      ]
    },
    {
      "mode": "managed",
      "type": "aws_api_gateway_integration",
      "name": "get_integration",
      "provider": "provider[\"registry.terraform.io/hashicorp/aws\"]",
      "instances": [
        {
          "schema_version": 0,
          "attributes": {
            "cache_key_parameters": null,
            "cache_namespace": "yndn6e",
            "connection_id": "",
            "connection_type": "INTERNET",
            "content_handling": "",
            "credentials": "",
            "http_method": "GET",
            "id": "agi-omofcchyxj-yndn6e-GET",
            "integration_http_method": "POST",
            "passthrough_behavior": "WHEN_NO_MATCH",
            "request_parameters": null,
            "request_templates": null,
            "resource_id": "yndn6e",
            "rest_api_id": "omofcchyxj",
            "timeout_milliseconds": 29000,
            "tls_config": [],
            "type": "AWS_PROXY",
            "uri": "arn:aws:apigateway:us-east-1:lambda:path/2015-03-31/functions/arn:aws:lambda:us-east-1:851725272326:function:GetAllWarehouseData/invocations"
          },
          "sensitive_attributes": [],
          "private": "bnVsbA==",
          "dependencies": [
            "aws_api_gateway_method.get_method",
            "aws_api_gateway_resource.warehouse_resource",
            "aws_api_gateway_rest_api.warehouse_api",
            "aws_dynamodb_table.warehouse_robot_logs",
            "aws_iam_role.lambda_exec_role",
            "aws_lambda_function.get_all_data"
          ]
        }
      ]
    },
    {
      "mode": "managed",
      "type": "aws_api_gateway_integration",
      "name": "post_integration",
      "provider": "provider[\"registry.terraform.io/hashicorp/aws\"]",
      "instances": [
        {
          "schema_version": 0,
          "attributes": {
            "cache_key_parameters": null,
            "cache_namespace": "yndn6e",
            "connection_id": "",
            "connection_type": "INTERNET",
            "content_handling": "",
            "credentials": "",
            "http_method": "POST",
            "id": "agi-omofcchyxj-yndn6e-POST",
            "integration_http_method": "POST",
            "passthrough_behavior": "WHEN_NO_MATCH",
            "request_parameters": null,
            "request_templates": null,
            "resource_id": "yndn6e",
            "rest_api_id": "omofcchyxj",
            "timeout_milliseconds": 29000,
            "tls_config": [],
            "type": "AWS_PROXY",
            "uri": "arn:aws:apigateway:us-east-1:lambda:path/2015-03-31/functions/arn:aws:lambda:us-east-1:851725272326:function:GetAllWarehouseData/invocations"
          },
          "sensitive_attributes": [],
          "private": "bnVsbA==",
          "dependencies": [
            "aws_api_gateway_method.post_method",
            "aws_api_gateway_resource.warehouse_resource",
            "aws_api_gateway_rest_api.warehouse_api",
            "aws_dynamodb_table.warehouse_robot_logs",
            "aws_iam_role.lambda_exec_role",
            "aws_lambda_function.get_all_data"
          ]
        }
      ]
    },
    {
      "mode": "managed",
      "type": "aws_api_gateway_method",
      "name": "delete_method",
      "provider": "provider[\"registry.terraform.io/hashicorp/aws\"]",
      "instances": [
        {
          "schema_version": 0,
          "attributes": {
            "api_key_required": true,
            "authorization": "NONE",
            "authorization_scopes": null,
            "authorizer_id": null,
            "http_method": "DELETE",
            "id": "agm-omofcchyxj-s2oi05-DELETE",
            "operation_name": null,
            "request_models": null,
            "request_parameters": null,
            "request_validator_id": null,
            "resource_id": "s2oi05",
            "rest_api_id": "omofcchyxj"
          },
          "sensitive_attributes": [],
          "private": "bnVsbA==",
          "dependencies": [
            "aws_api_gateway_resource.log_id_resource",
            "aws_api_gateway_resource.warehouse_resource",
            "aws_api_gateway_rest_api.warehouse_api"
          ]
        }
      ]
    },
    {
      "mode": "managed",
      "type": "aws_api_gateway_method",
      "name": "get_by_id_method",
      "provider": "provider[\"registry.terraform.io/hashicorp/aws\"]",
      "instances": [
        {
          "schema_version": 0,
          "attributes": {
            "api_key_required": true,
            "authorization": "NONE",
            "authorization_scopes": null,
            "authorizer_id": null,
            "http_method": "GET",
            "id": "agm-omofcchyxj-s2oi05-GET",
            "operation_name": null,
            "request_models": null,
            "request_parameters": null,
            "request_validator_id": null,
            "resource_id": "s2oi05",
            "rest_api_id": "omofcchyxj"
          },
          "sensitive_attributes": [],
          "private": "bnVsbA==",
          "dependencies": [
            "aws_api_gateway_resource.log_id_resource",
            "aws_api_gateway_resource.warehouse_resource",
            "aws_api_gateway_rest_api.warehouse_api"
          ]
        }
      ]
    },
    {
      "mode": "managed",
      "type": "aws_api_gateway_method",
      "name": "get_method",
      "provider": "provider[\"registry.terraform.io/hashicorp/aws\"]",
      "instances": [
        {
          "schema_version": 0,
          "attributes": {
            "api_key_required": true,
            "authorization": "NONE",
            "authorization_scopes": null,
            "authorizer_id": null,
            "http_method": "GET",
            "id": "agm-omofcchyxj-yndn6e-GET",
            "operation_name": null,
            "request_models": null,
            "request_parameters": null,
            "request_validator_id": null,
            "resource_id": "yndn6e",
            "rest_api_id": "omofcchyxj"
          },
          "sensitive_attributes": [],
          "private": "bnVsbA==",
          "dependencies": [
            "aws_api_gateway_resource.warehouse_resource",
            "aws_api_gateway_rest_api.warehouse_api"
          ]
        }
      ]
    },
    {
      "mode": "managed",
      "type": "aws_api_gateway_method",
      "name": "post_method",
      "provider": "provider[\"registry.terraform.io/hashicorp/aws\"]",
      "instances": [
        {
          "schema_version": 0,
          "attributes": {
            "api_key_required": true,
            "authorization": "NONE",
            "authorization_scopes": null,
            "authorizer_id": null,
            "http_method": "POST",
            "id": "agm-omofcchyxj-yndn6e-POST",
            "operation_name": null,
            "request_models": null,
            "request_parameters": null,
            "request_validator_id": null,
            "resource_id": "yndn6e",
            "rest_api_id": "omofcchyxj"
          },
          "sensitive_attributes": [],
          "private": "bnVsbA==",
          "dependencies": [
            "aws_api_gateway_resource.warehouse_resource",
            "aws_api_gateway_rest_api.warehouse_api"
          ]
        }
      ]
    },
    {
      "mode": "managed",
      "type": "aws_api_gateway_resource",
      "name": "log_id_resource",
      "provider": "provider[\"registry.terraform.io/hashicorp/aws\"]",
      "instances": [
        {
          "schema_version": 0,
          "attributes": {
            "id": "s2oi05",
            "parent_id": "yndn6e",
            "path": "/logs/{id}",
            "path_part": "{id}",
            "rest_api_id": "omofcchyxj"
          },
          "sensitive_attributes": [],
          "private": "bnVsbA==",
          "dependencies": [
            "aws_api_gateway_resource.warehouse_resource",
            "aws_api_gateway_rest_api.warehouse_api"
          ]
        }
      ]
    },
    {
      "mode": "managed",
      "type": "aws_api_gateway_resource",
      "name": "warehouse_resource",
      "provider": "provider[\"registry.terraform.io/hashicorp/aws\"]",
      "instances": [
        {
          "schema_version": 0,
          "attributes": {
            "id": "yndn6e",
            "parent_id": "3yhsuxu5j7",
            "path": "/logs",
            "path_part": "logs",
            "rest_api_id": "omofcchyxj"
          },
          "sensitive_attributes": [],
          "private": "bnVsbA==",
          "dependencies": [
            "aws_api_gateway_rest_api.warehouse_api"
          ]
        }
      ]
    },
    {
      "mode": "managed",
      "type": "aws_api_gateway_rest_api",
      "name": "warehouse_api",
      "provider": "provider[\"registry.terraform.io/hashicorp/aws\"]",
      "instances": [
        {
          "schema_version": 0,
          "attributes": {
            "api_key_source": "HEADER",
            "arn": "arn:aws:apigateway:us-east-1::/restapis/omofcchyxj",
            "binary_media_types": [],
            "body": null,
            "created_date": "2024-10-17T23:48:49Z",
            "description": "API to interact with DynamoDB for Warehouse Robot logs",
            "disable_execute_api_endpoint": false,
            "endpoint_configuration": [
              {
                "types": [
                  "EDGE"
                ],
                "vpc_endpoint_ids": []
              }
            ],
            "execution_arn": "arn:aws:execute-api:us-east-1:851725272326:omofcchyxj",
            "fail_on_warnings": null,
            "id": "omofcchyxj",
            "minimum_compression_size": "",
            "name": "WarehouseRobotAPI",
            "parameters": null,
            "policy": "",
            "put_rest_api_mode": null,
            "root_resource_id": "3yhsuxu5j7",
            "tags": null,
            "tags_all": {}
          },
          "sensitive_attributes": [],
          "private": "bnVsbA=="
        }
      ]
    },
    {
      "mode": "managed",
      "type": "aws_api_gateway_usage_plan",
      "name": "warehouse_usage_plan",
      "provider": "provider[\"registry.terraform.io/hashicorp/aws\"]",
      "instances": [
        {
          "schema_version": 0,
          "attributes": {
            "api_stages": [
              {
                "api_id": "omofcchyxj",
                "stage": "prod",
                "throttle": []
              }
            ],
            "arn": "arn:aws:apigateway:us-east-1::/usageplans/52loj1",
            "description": "",
            "id": "52loj1",
            "name": "WarehouseUsagePlan",
            "product_code": "",
            "quota_settings": [],
            "tags": null,
            "tags_all": {},
            "throttle_settings": [
              {
                "burst_limit": 100,
                "rate_limit": 50
              }
            ]
          },
          "sensitive_attributes": [],
          "private": "bnVsbA==",
          "dependencies": [
            "aws_api_gateway_deployment.warehouse_api_deployment",
            "aws_api_gateway_integration.delete_integration",
            "aws_api_gateway_integration.get_by_id_integration",
            "aws_api_gateway_integration.get_integration",
            "aws_api_gateway_integration.post_integration",
            "aws_api_gateway_method.delete_method",
            "aws_api_gateway_method.get_by_id_method",
            "aws_api_gateway_method.get_method",
            "aws_api_gateway_method.post_method",
            "aws_api_gateway_resource.log_id_resource",
            "aws_api_gateway_resource.warehouse_resource",
            "aws_api_gateway_rest_api.warehouse_api",
            "aws_dynamodb_table.warehouse_robot_logs",
            "aws_iam_role.lambda_exec_role",
            "aws_lambda_function.get_all_data"
          ]
        }
      ]
    },
    {
      "mode": "managed",
      "type": "aws_api_gateway_usage_plan_key",
      "name": "warehouse_usage_plan_key",
      "provider": "provider[\"registry.terraform.io/hashicorp/aws\"]",
      "instances": [
        {
          "schema_version": 0,
          "attributes": {
            "id": "fg1hqon67a",
            "key_id": "fg1hqon67a",
            "key_type": "API_KEY",
            "name": "WarehouseRobotAPIKey",
            "usage_plan_id": "52loj1",
            "value": "JB3RbPFui21NAWEeQZmcB3uvXgB2zWz38KQuiSHm"
          },
          "sensitive_attributes": [],
          "private": "bnVsbA==",
          "dependencies": [
            "aws_api_gateway_api_key.warehouse_api_key",
            "aws_api_gateway_deployment.warehouse_api_deployment",
            "aws_api_gateway_integration.delete_integration",
            "aws_api_gateway_integration.get_by_id_integration",
            "aws_api_gateway_integration.get_integration",
            "aws_api_gateway_integration.post_integration",
            "aws_api_gateway_method.delete_method",
            "aws_api_gateway_method.get_by_id_method",
            "aws_api_gateway_method.get_method",
            "aws_api_gateway_method.post_method",
            "aws_api_gateway_resource.log_id_resource",
            "aws_api_gateway_resource.warehouse_resource",
            "aws_api_gateway_rest_api.warehouse_api",
            "aws_api_gateway_usage_plan.warehouse_usage_plan",
            "aws_dynamodb_table.warehouse_robot_logs",
            "aws_iam_role.lambda_exec_role",
            "aws_lambda_function.get_all_data"
          ]
        }
      ]
    },
    {
      "mode": "managed",
      "type": "aws_dynamodb_table",
      "name": "warehouse_robot_logs",
      "provider": "provider[\"registry.terraform.io/hashicorp/aws\"]",
      "instances": [
        {
          "schema_version": 1,
          "attributes": {
            "arn": "arn:aws:dynamodb:us-east-1:851725272326:table/WarehouseRobotLogs",
            "attribute": [
              {
                "name": "id",
                "type": "S"
              }
            ],
            "billing_mode": "PAY_PER_REQUEST",
            "deletion_protection_enabled": false,
            "global_secondary_index": [],
            "hash_key": "id",
            "id": "WarehouseRobotLogs",
            "import_table": [],
            "local_secondary_index": [],
            "name": "WarehouseRobotLogs",
            "point_in_time_recovery": [
              {
                "enabled": false
              }
            ],
            "range_key": null,
            "read_capacity": 0,
            "replica": [],
            "restore_date_time": null,
            "restore_source_name": null,
            "restore_source_table_arn": null,
            "restore_to_latest_time": null,
            "server_side_encryption": [],
            "stream_arn": "",
            "stream_enabled": false,
            "stream_label": "",
            "stream_view_type": "",
            "table_class": "STANDARD",
            "tags": null,
            "tags_all": {},
            "timeouts": null,
            "ttl": [
              {
                "attribute_name": "",
                "enabled": false
              }
            ],
            "write_capacity": 0
          },
          "sensitive_attributes": [],
          "private": "eyJlMmJmYjczMC1lY2FhLTExZTYtOGY4OC0zNDM2M2JjN2M0YzAiOnsiY3JlYXRlIjoxODAwMDAwMDAwMDAwLCJkZWxldGUiOjYwMDAwMDAwMDAwMCwidXBkYXRlIjozNjAwMDAwMDAwMDAwfSwic2NoZW1hX3ZlcnNpb24iOiIxIn0="
        }
      ]
    },
    {
      "mode": "managed",
      "type": "aws_iam_policy",
      "name": "lambda_dynamodb_policy",
      "provider": "provider[\"registry.terraform.io/hashicorp/aws\"]",
      "instances": [
        {
          "schema_version": 0,
          "attributes": {
            "arn": "arn:aws:iam::851725272326:policy/lambda_dynamodb_policy",
            "attachment_count": 0,
            "description": "",
            "id": "arn:aws:iam::851725272326:policy/lambda_dynamodb_policy",
            "name": "lambda_dynamodb_policy",
            "name_prefix": "",
            "path": "/",
            "policy": "{\"Statement\":[{\"Action\":[\"dynamodb:Scan\",\"dynamodb:GetItem\",\"dynamodb:PutItem\",\"dynamodb:DeleteItem\"],\"Effect\":\"Allow\",\"Resource\":\"arn:aws:dynamodb:us-east-1:851725272326:table/WarehouseRobotLogs\"}],\"Version\":\"2012-10-17\"}",
            "policy_id": "ANPA4MTWIIUDNAYL546H2",
            "tags": null,
            "tags_all": {}
          },
          "sensitive_attributes": [],
          "private": "bnVsbA==",
          "dependencies": [
            "aws_dynamodb_table.warehouse_robot_logs"
          ]
        }
      ]
    },
    {
      "mode": "managed",
      "type": "aws_iam_role",
      "name": "lambda_exec_role",
      "provider": "provider[\"registry.terraform.io/hashicorp/aws\"]",
      "instances": [
        {
          "schema_version": 0,
          "attributes": {
            "arn": "arn:aws:iam::851725272326:role/lambda_exec_role",
            "assume_role_policy": "{\"Statement\":[{\"Action\":\"sts:AssumeRole\",\"Effect\":\"Allow\",\"Principal\":{\"Service\":\"lambda.amazonaws.com\"}}],\"Version\":\"2012-10-17\"}",
            "create_date": "2024-10-17T23:48:49Z",
            "description": "",
            "force_detach_policies": false,
            "id": "lambda_exec_role",
            "inline_policy": [],
            "managed_policy_arns": [],
            "max_session_duration": 3600,
            "name": "lambda_exec_role",
            "name_prefix": "",
            "path": "/",
            "permissions_boundary": "",
            "tags": null,
            "tags_all": {},
            "unique_id": "AROA4MTWIIUDDGJUHFPU2"
          },
          "sensitive_attributes": [],
          "private": "bnVsbA=="
        }
      ]
    },
    {
      "mode": "managed",
      "type": "aws_iam_role_policy_attachment",
      "name": "lambda_exec_policy_attach",
      "provider": "provider[\"registry.terraform.io/hashicorp/aws\"]",
      "instances": [
        {
          "schema_version": 0,
          "attributes": {
            "id": "lambda_exec_role-20241017234855803800000001",
            "policy_arn": "arn:aws:iam::851725272326:policy/lambda_dynamodb_policy",
            "role": "lambda_exec_role"
          },
          "sensitive_attributes": [],
          "private": "bnVsbA==",
          "dependencies": [
            "aws_dynamodb_table.warehouse_robot_logs",
            "aws_iam_policy.lambda_dynamodb_policy",
            "aws_iam_role.lambda_exec_role"
          ]
        }
      ]
    },
    {
      "mode": "managed",
      "type": "aws_lambda_function",
      "name": "get_all_data",
      "provider": "provider[\"registry.terraform.io/hashicorp/aws\"]",
      "instances": [
        {
          "schema_version": 0,
          "attributes": {
            "architectures": [
              "x86_64"
            ],
            "arn": "arn:aws:lambda:us-east-1:851725272326:function:GetAllWarehouseData",
            "code_sha256": "HOnZkn2O/LtAjhazwFn16AOBhHwYe335G9l/i76/FH0=",
            "code_signing_config_arn": "",
            "dead_letter_config": [],
            "description": "",
            "environment": [
              {
                "variables": {
                  "DYNAMODB_TABLE": "WarehouseRobotLogs"
                }
              }
            ],
            "ephemeral_storage": [
              {
                "size": 512
              }
            ],
            "file_system_config": [],
            "filename": "lambda_functions/get_all_data.zip",
            "function_name": "GetAllWarehouseData",
            "handler": "lambda_function.lambda_handler",
            "id": "GetAllWarehouseData",
            "image_config": [],
            "image_uri": "",
            "invoke_arn": "arn:aws:apigateway:us-east-1:lambda:path/2015-03-31/functions/arn:aws:lambda:us-east-1:851725272326:function:GetAllWarehouseData/invocations",
            "kms_key_arn": "",
            "last_modified": "2024-10-17T23:48:56.918+0000",
            "layers": null,
            "logging_config": [
              {
                "application_log_level": "",
                "log_format": "Text",
                "log_group": "/aws/lambda/GetAllWarehouseData",
                "system_log_level": ""
              }
            ],
            "memory_size": 128,
            "package_type": "Zip",
            "publish": false,
            "qualified_arn": "arn:aws:lambda:us-east-1:851725272326:function:GetAllWarehouseData:$LATEST",
            "qualified_invoke_arn": "arn:aws:apigateway:us-east-1:lambda:path/2015-03-31/functions/arn:aws:lambda:us-east-1:851725272326:function:GetAllWarehouseData:$LATEST/invocations",
            "replace_security_groups_on_destroy": null,
            "replacement_security_group_ids": null,
            "reserved_concurrent_executions": -1,
            "role": "arn:aws:iam::851725272326:role/lambda_exec_role",
            "runtime": "python3.9",
            "s3_bucket": null,
            "s3_key": null,
            "s3_object_version": null,
            "signing_job_arn": "",
            "signing_profile_version_arn": "",
            "skip_destroy": false,
            "snap_start": [],
            "source_code_hash": "HOnZkn2O/LtAjhazwFn16AOBhHwYe335G9l/i76/FH0=",
            "source_code_size": 1252,
            "tags": null,
            "tags_all": {},
            "timeout": 3,
            "timeouts": null,
            "tracing_config": [
              {
                "mode": "PassThrough"
              }
            ],
            "version": "$LATEST",
            "vpc_config": []
          },
          "sensitive_attributes": [],
          "private": "eyJlMmJmYjczMC1lY2FhLTExZTYtOGY4OC0zNDM2M2JjN2M0YzAiOnsiY3JlYXRlIjo2MDAwMDAwMDAwMDAsImRlbGV0ZSI6NjAwMDAwMDAwMDAwLCJ1cGRhdGUiOjYwMDAwMDAwMDAwMH19",
          "dependencies": [
            "aws_dynamodb_table.warehouse_robot_logs",
            "aws_iam_role.lambda_exec_role"
          ]
        }
      ]
    },
    {
      "mode": "managed",
      "type": "aws_lambda_permission",
      "name": "api_gateway_invoke",
      "provider": "provider[\"registry.terraform.io/hashicorp/aws\"]",
      "instances": [
        {
          "schema_version": 0,
          "attributes": {
            "action": "lambda:InvokeFunction",
            "event_source_token": null,
            "function_name": "arn:aws:lambda:us-east-1:851725272326:function:GetAllWarehouseData",
            "function_url_auth_type": null,
            "id": "AllowAPIGatewayInvoke",
            "principal": "apigateway.amazonaws.com",
            "principal_org_id": null,
            "qualifier": "",
            "source_account": null,
            "source_arn": "arn:aws:execute-api:us-east-1:851725272326:omofcchyxj/*",
            "statement_id": "AllowAPIGatewayInvoke",
            "statement_id_prefix": ""
          },
          "sensitive_attributes": [],
          "private": "bnVsbA==",
          "dependencies": [
            "aws_api_gateway_rest_api.warehouse_api",
            "aws_dynamodb_table.warehouse_robot_logs",
            "aws_iam_role.lambda_exec_role",
            "aws_lambda_function.get_all_data",
            "data.aws_caller_identity.current"
          ]
        }
      ]
    }
  ],
  "check_results": null
}
